
Microsoft Visual Studio Solution File, Format Version 12.00
# Visual Studio Version 16
VisualStudioVersion = 16.0.31424.327
MinimumVisualStudioVersion = 10.0.40219.1
Project("{FAE04EC0-301F-11D3-BF4B-00C04F79EFBC}") = "name here", "name here\name here.csproj", "{4E3A56EA-225C-42C1-B587-949454D12C71}"
EndProject
Global
	GlobalSection(SolutionConfigurationPlatforms) = preSolution
		Debug|Any CPU = Debug|Any CPU
		Release|Any CPU = Release|Any CPU
	EndGlobalSection
	GlobalSection(ProjectConfigurationPlatforms) = postSolution
		{4E3A56EA-225C-42C1-B587-949454D12C71}.Debug|Any CPU.ActiveCfg = Debug|Any CPU
		{4E3A56EA-225C-42C1-B587-949454D12C71}.Debug|Any CPU.Build.0 = Debug|Any CPU
		{4E3A56EA-225C-42C1-B587-949454D12C71}.Release|Any CPU.ActiveCfg = Release|Any CPU
		{4E3A56EA-225C-42C1-B587-949454D12C71}.Release|Any CPU.Build.0 = Release|Any CPU
	EndGlobalSection
	GlobalSection(SolutionProperties) = preSolution
		HideSolutionNode = FALSE
	EndGlobalSection
	GlobalSection(ExtensibilityGlobals) = postSolution
		SolutionGuid = {1A98D569-82DF-4CFD-BD34-709524A1ABEB}
	EndGlobalSection
EndGlobal
